# This file is generated by running "yarn install" inside your project.
# Manual changes might be lost - proceed with caution!

__metadata:
  version: 5
  cacheKey: 8

"@types/body-parser@npm:*":
  version: 1.19.2
  resolution: "@types/body-parser@npm:1.19.2"
  dependencies:
    "@types/connect": "*"
    "@types/node": "*"
  checksum: e17840c7d747a549f00aebe72c89313d09fbc4b632b949b2470c5cb3b1cb73863901ae84d9335b567a79ec5efcfb8a28ff8e3f36bc8748a9686756b6d5681f40
  languageName: node
  linkType: hard

"@types/connect@npm:*":
  version: 3.4.35
  resolution: "@types/connect@npm:3.4.35"
  dependencies:
    "@types/node": "*"
  checksum: fe81351470f2d3165e8b12ce33542eef89ea893e36dd62e8f7d72566dfb7e448376ae962f9f3ea888547ce8b55a40020ca0e01d637fab5d99567673084542641
  languageName: node
  linkType: hard

"@types/express-serve-static-core@npm:^4.17.18":
  version: 4.17.28
  resolution: "@types/express-serve-static-core@npm:4.17.28"
  dependencies:
    "@types/node": "*"
    "@types/qs": "*"
    "@types/range-parser": "*"
  checksum: 826489811a5b371c10f02443b4ca894ffc05813bfdf2b60c224f5c18ac9a30a2e518cb9ef9fdfcaa2a1bb17f8bfa4ed1859ccdb252e879c9276271b4ee2df5a9
  languageName: node
  linkType: hard

"@types/express@npm:^4.17.2":
  version: 4.17.13
  resolution: "@types/express@npm:4.17.13"
  dependencies:
    "@types/body-parser": "*"
    "@types/express-serve-static-core": ^4.17.18
    "@types/qs": "*"
    "@types/serve-static": "*"
  checksum: 12a2a0e6c4b993fc0854bec665906788aea0d8ee4392389d7a98a5de1eefdd33c9e1e40a91f3afd274011119c506f7b4126acb97fae62ae20b654974d44cba12
  languageName: node
  linkType: hard

"@types/mime@npm:^1":
  version: 1.3.2
  resolution: "@types/mime@npm:1.3.2"
  checksum: 0493368244cced1a69cb791b485a260a422e6fcc857782e1178d1e6f219f1b161793e9f87f5fae1b219af0f50bee24fcbe733a18b4be8fdd07a38a8fb91146fd
  languageName: node
  linkType: hard

"@types/node@npm:*":
  version: 17.0.23
  resolution: "@types/node@npm:17.0.23"
  checksum: a3517554737cbb042e76c30d0e5482192ac4d9bea0eeb086e2622d9cabf460a0eb52a696b99fcd18e7fcc93c96db6cc7ae507f6608f256ef0b5c1d8c87a5a470
  languageName: node
  linkType: hard

"@types/qs@npm:*":
  version: 6.9.7
  resolution: "@types/qs@npm:6.9.7"
  checksum: 7fd6f9c25053e9b5bb6bc9f9f76c1d89e6c04f7707a7ba0e44cc01f17ef5284adb82f230f542c2d5557d69407c9a40f0f3515e8319afd14e1e16b5543ac6cdba
  languageName: node
  linkType: hard

"@types/range-parser@npm:*":
  version: 1.2.4
  resolution: "@types/range-parser@npm:1.2.4"
  checksum: b7c0dfd5080a989d6c8bb0b6750fc0933d9acabeb476da6fe71d8bdf1ab65e37c136169d84148034802f48378ab94e3c37bb4ef7656b2bec2cb9c0f8d4146a95
  languageName: node
  linkType: hard

"@types/serve-static@npm:*":
  version: 1.13.10
  resolution: "@types/serve-static@npm:1.13.10"
  dependencies:
    "@types/mime": ^1
    "@types/node": "*"
  checksum: eaca858739483e3ded254cad7d7a679dc2c8b3f52c8bb0cd845b3b7eb1984bde0371fdcb0a5c83aa12e6daf61b6beb762545021f520f08a1fe882a3fa4ea5554
  languageName: node
  linkType: hard

"accepts@npm:~1.3.5":
  version: 1.3.8
  resolution: "accepts@npm:1.3.8"
  dependencies:
    mime-types: ~2.1.34
    negotiator: 0.6.3
  checksum: 50c43d32e7b50285ebe84b613ee4a3aa426715a7d131b65b786e2ead0fd76b6b60091b9916d3478a75f11f162628a2139991b6c03ab3f1d9ab7c86075dc8eab4
  languageName: node
  linkType: hard

"acorn-globals@npm:^1.0.3":
  version: 1.0.9
  resolution: "acorn-globals@npm:1.0.9"
  dependencies:
    acorn: ^2.1.0
  checksum: f55ceef883c2709b3ce1f173558e4eed48081d8f7dfae81e29c3a3c1c2d428f64c68375605f40668585f7602603f6cfb2c6c0906e7e70ad2ccb2118d2d49397a
  languageName: node
  linkType: hard

"acorn@npm:^1.0.1":
  version: 1.2.2
  resolution: "acorn@npm:1.2.2"
  bin:
    acorn: ./bin/acorn
  checksum: 732908c3ca6219924cf6dcd79784363d68d210cf8a6a204ff9d576bc994fadeb76a87cb73b5f16ec88550dbc2b2cb32ae177cd9b519581a5901ca4c8428f3192
  languageName: node
  linkType: hard

"acorn@npm:^2.1.0":
  version: 2.7.0
  resolution: "acorn@npm:2.7.0"
  bin:
    acorn: ./bin/acorn
  checksum: acd061b65afe2ed66c4c91ec16e853ea54126377c9a8af0370abfde345b9b50b0c00d2c7fda4fb6bc855d77f1f4ffc3374598d9ea88f0a618c5c4d65aab50359
  languageName: node
  linkType: hard

"align-text@npm:^0.1.1, align-text@npm:^0.1.3":
  version: 0.1.4
  resolution: "align-text@npm:0.1.4"
  dependencies:
    kind-of: ^3.0.2
    longest: ^1.0.1
    repeat-string: ^1.5.2
  checksum: b4970e6bcca5b436b1f5645d4efca4d8ea18fd3d0f2dfcbde79df92aa21019076def35d9b5b0428d1c69ee77b21290f8f108f86c497e6f834cddf270dccb5829
  languageName: node
  linkType: hard

"amdefine@npm:>=0.0.4":
  version: 1.0.1
  resolution: "amdefine@npm:1.0.1"
  checksum: 9d4e15b94641643a9385b2841b4cb2bcf4e8e2f741ea4bd475c93ad7bab261ad4ed827a32e9c549b38b98759c4526c173ae4e6dde8caeb75ee5cebedc9863762
  languageName: node
  linkType: hard

"arg@npm:^4.1.0":
  version: 4.1.3
  resolution: "arg@npm:4.1.3"
  checksum: 544af8dd3f60546d3e4aff084d451b96961d2267d668670199692f8d054f0415d86fc5497d0e641e91546f0aa920e7c29e5250e99fc89f5552a34b5d93b77f43
  languageName: node
  linkType: hard

"array-flatten@npm:1.1.1":
  version: 1.1.1
  resolution: "array-flatten@npm:1.1.1"
  checksum: a9925bf3512d9dce202112965de90c222cd59a4fbfce68a0951d25d965cf44642931f40aac72309c41f12df19afa010ecadceb07cfff9ccc1621e99d89ab5f3b
  languageName: node
  linkType: hard

"asap@npm:~1.0.0":
  version: 1.0.0
  resolution: "asap@npm:1.0.0"
  checksum: 5e8fe70a867c0f76f77be6a856eb4bad52113db494c5c1e12ba258bd23dd125030849896b4750a8b0f81531407b74f9694905c535358179ae26ceecfb79aa9ed
  languageName: node
  linkType: hard

"axios@npm:^0.19.0":
  version: 0.19.2
  resolution: "axios@npm:0.19.2"
  dependencies:
    follow-redirects: 1.5.10
  checksum: dcace11a0a25fdf9b3b97fc9d011d23dd9c67cc13d91778080482ddddbbfe731f7410a090b11aa0bbbdf83686c5911ccb4289fd3683b7488c1b0c4d3c882380c
  languageName: node
  linkType: hard

"basic-auth@npm:~2.0.0":
  version: 2.0.1
  resolution: "basic-auth@npm:2.0.1"
  dependencies:
    safe-buffer: 5.1.2
  checksum: 3419b805d5dfc518f3a05dcf42aa53aa9ce820e50b6df5097f9e186322e1bc733c36722b624802cd37e791035aa73b828ed814d8362333d42d7f5cd04d7a5e48
  languageName: node
  linkType: hard

"body-parser@npm:1.18.3":
  version: 1.18.3
  resolution: "body-parser@npm:1.18.3"
  dependencies:
    bytes: 3.0.0
    content-type: ~1.0.4
    debug: 2.6.9
    depd: ~1.1.2
    http-errors: ~1.6.3
    iconv-lite: 0.4.23
    on-finished: ~2.3.0
    qs: 6.5.2
    raw-body: 2.3.3
    type-is: ~1.6.16
  checksum: cc36c3342d459eee9c96fc634273ae0ab4e1ee265b4195b0fa8f898914eaac77e6d755d2c0bd8d49140347c4da84b8fa166f2c654a741a76b2ef681aae1dbfb5
  languageName: node
  linkType: hard

"boolbase@npm:^1.0.0":
  version: 1.0.0
  resolution: "boolbase@npm:1.0.0"
  checksum: 3e25c80ef626c3a3487c73dbfc70ac322ec830666c9ad915d11b701142fab25ec1e63eff2c450c74347acfd2de854ccde865cd79ef4db1683f7c7b046ea43bb0
  languageName: node
  linkType: hard

"buffer-from@npm:^1.0.0":
  version: 1.1.2
  resolution: "buffer-from@npm:1.1.2"
  checksum: 0448524a562b37d4d7ed9efd91685a5b77a50672c556ea254ac9a6d30e3403a517d8981f10e565db24e8339413b43c97ca2951f10e399c6125a0d8911f5679bb
  languageName: node
  linkType: hard

"bytes@npm:3.0.0":
  version: 3.0.0
  resolution: "bytes@npm:3.0.0"
  checksum: a2b386dd8188849a5325f58eef69c3b73c51801c08ffc6963eddc9be244089ba32d19347caf6d145c86f315ae1b1fc7061a32b0c1aa6379e6a719090287ed101
  languageName: node
  linkType: hard

"camelcase@npm:^1.0.2":
  version: 1.2.1
  resolution: "camelcase@npm:1.2.1"
  checksum: 3da5ab4bb997f33e57023ddee39887e0d3f34ce5a2d41bcfe84454ee528c4fd769a4f9a428168bf9b24aca9338699885ffb63527acb02834c31b864d4b0d2299
  languageName: node
  linkType: hard

"center-align@npm:^0.1.1":
  version: 0.1.3
  resolution: "center-align@npm:0.1.3"
  dependencies:
    align-text: ^0.1.3
    lazy-cache: ^1.0.3
  checksum: f3a4e224f0eeb7a9ebc09e6519639acadd8b65942ae33db2b6f38946fcee6320499bd6b980894f7e33fec4f1b66c056d55bb96a9b05a2ca0fde25876e9ee2ab8
  languageName: node
  linkType: hard

"character-parser@npm:1.2.1":
  version: 1.2.1
  resolution: "character-parser@npm:1.2.1"
  checksum: ea7817da4cf792b87fd00f9beb0a29ddb06c3f4e47a3dc0db889d44c9d3d07594eae6109c24a84c9913984c812efba868a5f45652a35015bea465bb12e785d96
  languageName: node
  linkType: hard

"cheerio-select@npm:^1.5.0":
  version: 1.6.0
  resolution: "cheerio-select@npm:1.6.0"
  dependencies:
    css-select: ^4.3.0
    css-what: ^6.0.1
    domelementtype: ^2.2.0
    domhandler: ^4.3.1
    domutils: ^2.8.0
  checksum: c64cccea5ba3af091cf876d07a8bbf81fbd616c821495d194b73829f026777a8edd17a0f760ddd5be4a213c4411c60b03d2b1f8da4a77a46c81ed596a9860b20
  languageName: node
  linkType: hard

"cheerio@npm:^1.0.0-rc.3":
  version: 1.0.0-rc.10
  resolution: "cheerio@npm:1.0.0-rc.10"
  dependencies:
    cheerio-select: ^1.5.0
    dom-serializer: ^1.3.2
    domhandler: ^4.2.0
    htmlparser2: ^6.1.0
    parse5: ^6.0.1
    parse5-htmlparser2-tree-adapter: ^6.0.1
    tslib: ^2.2.0
  checksum: ace2f9c5809737534b1320d11d48762013694fa905b4deacac81a634edac178c1b0534f79d7b1896a88ce489db6cb539f222317996b21c8b6923ce413dcc1a2f
  languageName: node
  linkType: hard

"clean-css@npm:^3.1.9":
  version: 3.4.28
  resolution: "clean-css@npm:3.4.28"
  dependencies:
    commander: 2.8.x
    source-map: 0.4.x
  bin:
    cleancss: ./bin/cleancss
  checksum: eacc573e5ba118aa59bb44a3d188e54d390b7482cad7941559b3865e4946c677afb2deab50bcf8e97592532935f684a53b3abff1d5c55e95e21ded1e93b69132
  languageName: node
  linkType: hard

"cliui@npm:^2.1.0":
  version: 2.1.0
  resolution: "cliui@npm:2.1.0"
  dependencies:
    center-align: ^0.1.1
    right-align: ^0.1.1
    wordwrap: 0.0.2
  checksum: 6ea62222bd60ea94bca6321766a300a6ad3f742960b6c6d1e42a730f28df8b1dd81c6fedfbc327d100986ac21fdd7eafb7da34e09a96eb4ffe0c9590754053cb
  languageName: node
  linkType: hard

"commander@npm:2.8.x":
  version: 2.8.1
  resolution: "commander@npm:2.8.1"
  dependencies:
    graceful-readlink: ">= 1.0.0"
  checksum: 9552028af84683cf2b20397c54fa4dd5b18fb69555e201a8edc3880b344f5aadd8857f777da97ce0c99e50fc133adf356f0299e9958b9b4e95b96c45f0696dfd
  languageName: node
  linkType: hard

"commander@npm:~2.6.0":
  version: 2.6.0
  resolution: "commander@npm:2.6.0"
  checksum: a7d2bae5dd857a761c816617a7856352db2b8c339f314389b173f75b49010c2e8a0ec57a4d0c05d4d6eceeac5c6eca7486a4de548e592e14c869a13de5ca1b04
  languageName: node
  linkType: hard

"constantinople@npm:~3.0.1":
  version: 3.0.2
  resolution: "constantinople@npm:3.0.2"
  dependencies:
    acorn: ^2.1.0
  checksum: 472c007ee63dc569a328e9ba3acc26f7458d5ec94fca476256cc4be97617c33a368a3b60551d9afea8745cf3940d80475a6a9d9ce8b0cb24baa4fb7e305e9ebf
  languageName: node
  linkType: hard

"content-disposition@npm:0.5.2":
  version: 0.5.2
  resolution: "content-disposition@npm:0.5.2"
  checksum: 298d7da63255a38f7858ee19c7b6aae32b167e911293174b4c1349955e97e78e1d0b0d06c10e229405987275b417cf36ff65cbd4821a98bc9df4e41e9372cde7
  languageName: node
  linkType: hard

"content-type@npm:~1.0.4":
  version: 1.0.4
  resolution: "content-type@npm:1.0.4"
  checksum: 3d93585fda985d1554eca5ebd251994327608d2e200978fdbfba21c0c679914d5faf266d17027de44b34a72c7b0745b18584ecccaa7e1fdfb6a68ac7114f12e0
  languageName: node
  linkType: hard

"cookie-parser@npm:~1.4.4":
  version: 1.4.6
  resolution: "cookie-parser@npm:1.4.6"
  dependencies:
    cookie: 0.4.1
    cookie-signature: 1.0.6
  checksum: 1e5a63aa82e8eb4e02d2977c6902983dee87b02e87ec5ec43ac3cb1e72da354003716570cd5190c0ad9e8a454c9d3237f4ad6e2f16d0902205a96a1c72b77ba5
  languageName: node
  linkType: hard

"cookie-signature@npm:1.0.6":
  version: 1.0.6
  resolution: "cookie-signature@npm:1.0.6"
  checksum: f4e1b0a98a27a0e6e66fd7ea4e4e9d8e038f624058371bf4499cfcd8f3980be9a121486995202ba3fca74fbed93a407d6d54d43a43f96fd28d0bd7a06761591a
  languageName: node
  linkType: hard

"cookie@npm:0.3.1":
  version: 0.3.1
  resolution: "cookie@npm:0.3.1"
  checksum: 5309937344947a049283573861c24bed054fac3334ce5a0fa74b9bc6bf39bd387d3a0fca7f3ed6f4a09f112de82c00b541a0e7d6ce7a8de0f5d1301eec799730
  languageName: node
  linkType: hard

"cookie@npm:0.4.1":
  version: 0.4.1
  resolution: "cookie@npm:0.4.1"
  checksum: bd7c47f5d94ab70ccdfe8210cde7d725880d2fcda06d8e375afbdd82de0c8d3b73541996e9ce57d35f67f672c4ee6d60208adec06b3c5fc94cebb85196084cf8
  languageName: node
  linkType: hard

"crypto-js@npm:^3.1.9-1":
  version: 3.3.0
  resolution: "crypto-js@npm:3.3.0"
  checksum: 193923143a4784b2f974366068d96fe8280168fd3fef2bfea9551a5c3e32096f5a8fa49ff4eeb5bd0b9716d325618d38cfbe6125e359a4ef488fbca93e600824
  languageName: node
  linkType: hard

"css-parse@npm:1.0.4":
  version: 1.0.4
  resolution: "css-parse@npm:1.0.4"
  checksum: 495c04520889cc988b413c4d4041eafd41a80d790208741ce744d0f45a0bfcf7127f1d0fd6559bda3410b3d80381c7e5debf5995031ef6500267a9dd3c32f3cf
  languageName: node
  linkType: hard

"css-select@npm:^4.3.0":
  version: 4.3.0
  resolution: "css-select@npm:4.3.0"
  dependencies:
    boolbase: ^1.0.0
    css-what: ^6.0.1
    domhandler: ^4.3.1
    domutils: ^2.8.0
    nth-check: ^2.0.1
  checksum: d6202736839194dd7f910320032e7cfc40372f025e4bf21ca5bf6eb0a33264f322f50ba9c0adc35dadd342d3d6fae5ca244779a4873afbfa76561e343f2058e0
  languageName: node
  linkType: hard

"css-stringify@npm:1.0.5":
  version: 1.0.5
  resolution: "css-stringify@npm:1.0.5"
  checksum: 8ebebd019c0d7820f8d3724ceed277a1bf25d089369aef3d9899b2ae2cc7c53ce3dd66d3e26f46c1d47ce2778526c2d769bf4dfdb60a36d408a474bd66087626
  languageName: node
  linkType: hard

"css-what@npm:^6.0.1":
  version: 6.1.0
  resolution: "css-what@npm:6.1.0"
  checksum: b975e547e1e90b79625918f84e67db5d33d896e6de846c9b584094e529f0c63e2ab85ee33b9daffd05bff3a146a1916bec664e18bb76dd5f66cbff9fc13b2bbe
  languageName: node
  linkType: hard

"css@npm:~1.0.8":
  version: 1.0.8
  resolution: "css@npm:1.0.8"
  dependencies:
    css-parse: 1.0.4
    css-stringify: 1.0.5
  checksum: 834528f6ed438a322678ab4ca8d641700d303b304b8a775e73d5b4886d27124a768c2afcc99c991291276d6ceb088c46cf106026ee37ff917033e691b229ee3e
  languageName: node
  linkType: hard

"debug@npm:2.6.9, debug@npm:~2.6.9":
  version: 2.6.9
  resolution: "debug@npm:2.6.9"
  dependencies:
    ms: 2.0.0
  checksum: d2f51589ca66df60bf36e1fa6e4386b318c3f1e06772280eea5b1ae9fd3d05e9c2b7fd8a7d862457d00853c75b00451aa2d7459b924629ee385287a650f58fe6
  languageName: node
  linkType: hard

"debug@npm:=3.1.0":
  version: 3.1.0
  resolution: "debug@npm:3.1.0"
  dependencies:
    ms: 2.0.0
  checksum: 0b52718ab957254a5b3ca07fc34543bc778f358620c206a08452251eb7fc193c3ea3505072acbf4350219c14e2d71ceb7bdaa0d3370aa630b50da790458d08b3
  languageName: node
  linkType: hard

"decamelize@npm:^1.0.0":
  version: 1.2.0
  resolution: "decamelize@npm:1.2.0"
  checksum: ad8c51a7e7e0720c70ec2eeb1163b66da03e7616d7b98c9ef43cce2416395e84c1e9548dd94f5f6ffecfee9f8b94251fc57121a8b021f2ff2469b2bae247b8aa
  languageName: node
  linkType: hard

"depd@npm:~1.1.2":
  version: 1.1.2
  resolution: "depd@npm:1.1.2"
  checksum: 6b406620d269619852885ce15965272b829df6f409724415e0002c8632ab6a8c0a08ec1f0bd2add05dc7bd7507606f7e2cc034fa24224ab829580040b835ecd9
  languageName: node
  linkType: hard

"destroy@npm:~1.0.4":
  version: 1.0.4
  resolution: "destroy@npm:1.0.4"
  checksum: da9ab4961dc61677c709da0c25ef01733042614453924d65636a7db37308fef8a24cd1e07172e61173d471ca175371295fbc984b0af5b2b4ff47cd57bd784c03
  languageName: node
  linkType: hard

"diff@npm:^4.0.1":
  version: 4.0.2
  resolution: "diff@npm:4.0.2"
  checksum: f2c09b0ce4e6b301c221addd83bf3f454c0bc00caa3dd837cf6c127d6edf7223aa2bbe3b688feea110b7f262adbfc845b757c44c8a9f8c0c5b15d8fa9ce9d20d
  languageName: node
  linkType: hard

"dom-serializer@npm:^1.0.1, dom-serializer@npm:^1.3.2":
  version: 1.3.2
  resolution: "dom-serializer@npm:1.3.2"
  dependencies:
    domelementtype: ^2.0.1
    domhandler: ^4.2.0
    entities: ^2.0.0
  checksum: bff48714944d67b160db71ba244fb0f3fe72e77ef2ec8414e2eeb56f2d926e404a13456b8b83a5392e217ba47dec2ec0c368801b31481813e94d185276c3e964
  languageName: node
  linkType: hard

"dom-walk@npm:^0.1.0":
  version: 0.1.2
  resolution: "dom-walk@npm:0.1.2"
  checksum: 19eb0ce9c6de39d5e231530685248545d9cd2bd97b2cb3486e0bfc0f2a393a9addddfd5557463a932b52fdfcf68ad2a619020cd2c74a5fe46fbecaa8e80872f3
  languageName: node
  linkType: hard

"domelementtype@npm:^2.0.1, domelementtype@npm:^2.2.0":
  version: 2.2.0
  resolution: "domelementtype@npm:2.2.0"
  checksum: 24cb386198640cd58aa36f8c987f2ea61859929106d06ffcc8f547e70cb2ed82a6dc56dcb8252b21fba1f1ea07df6e4356d60bfe57f77114ca1aed6828362629
  languageName: node
  linkType: hard

"domhandler@npm:^4.0.0, domhandler@npm:^4.2.0, domhandler@npm:^4.3.1":
  version: 4.3.1
  resolution: "domhandler@npm:4.3.1"
  dependencies:
    domelementtype: ^2.2.0
  checksum: 4c665ceed016e1911bf7d1dadc09dc888090b64dee7851cccd2fcf5442747ec39c647bb1cb8c8919f8bbdd0f0c625a6bafeeed4b2d656bbecdbae893f43ffaaa
  languageName: node
  linkType: hard

"domutils@npm:^2.5.2, domutils@npm:^2.8.0":
  version: 2.8.0
  resolution: "domutils@npm:2.8.0"
  dependencies:
    dom-serializer: ^1.0.1
    domelementtype: ^2.2.0
    domhandler: ^4.2.0
  checksum: abf7434315283e9aadc2a24bac0e00eab07ae4313b40cc239f89d84d7315ebdfd2fb1b5bf750a96bc1b4403d7237c7b2ebf60459be394d625ead4ca89b934391
  languageName: node
  linkType: hard

"ee-first@npm:1.1.1":
  version: 1.1.1
  resolution: "ee-first@npm:1.1.1"
  checksum: 1b4cac778d64ce3b582a7e26b218afe07e207a0f9bfe13cc7395a6d307849cfe361e65033c3251e00c27dd060cab43014c2d6b2647676135e18b77d2d05b3f4f
  languageName: node
  linkType: hard

"encodeurl@npm:~1.0.2":
  version: 1.0.2
  resolution: "encodeurl@npm:1.0.2"
  checksum: e50e3d508cdd9c4565ba72d2012e65038e5d71bdc9198cb125beb6237b5b1ade6c0d343998da9e170fb2eae52c1bed37d4d6d98a46ea423a0cddbed5ac3f780c
  languageName: node
  linkType: hard

"entities@npm:^2.0.0":
  version: 2.2.0
  resolution: "entities@npm:2.2.0"
  checksum: 19010dacaf0912c895ea262b4f6128574f9ccf8d4b3b65c7e8334ad0079b3706376360e28d8843ff50a78aabcb8f08f0a32dbfacdc77e47ed77ca08b713669b3
  languageName: node
  linkType: hard

"escape-html@npm:~1.0.3":
  version: 1.0.3
  resolution: "escape-html@npm:1.0.3"
  checksum: 6213ca9ae00d0ab8bccb6d8d4e0a98e76237b2410302cf7df70aaa6591d509a2a37ce8998008cbecae8fc8ffaadf3fb0229535e6a145f3ce0b211d060decbb24
  languageName: node
  linkType: hard

"etag@npm:~1.8.1":
  version: 1.8.1
  resolution: "etag@npm:1.8.1"
  checksum: 571aeb3dbe0f2bbd4e4fadbdb44f325fc75335cd5f6f6b6a091e6a06a9f25ed5392f0863c5442acb0646787446e816f13cbfc6edce5b07658541dff573cab1ff
  languageName: node
  linkType: hard

"express@npm:~4.16.1":
  version: 4.16.4
  resolution: "express@npm:4.16.4"
  dependencies:
    accepts: ~1.3.5
    array-flatten: 1.1.1
    body-parser: 1.18.3
    content-disposition: 0.5.2
    content-type: ~1.0.4
    cookie: 0.3.1
    cookie-signature: 1.0.6
    debug: 2.6.9
    depd: ~1.1.2
    encodeurl: ~1.0.2
    escape-html: ~1.0.3
    etag: ~1.8.1
    finalhandler: 1.1.1
    fresh: 0.5.2
    merge-descriptors: 1.0.1
    methods: ~1.1.2
    on-finished: ~2.3.0
    parseurl: ~1.3.2
    path-to-regexp: 0.1.7
    proxy-addr: ~2.0.4
    qs: 6.5.2
    range-parser: ~1.2.0
    safe-buffer: 5.1.2
    send: 0.16.2
    serve-static: 1.13.2
    setprototypeof: 1.1.0
    statuses: ~1.4.0
    type-is: ~1.6.16
    utils-merge: 1.0.1
    vary: ~1.1.2
  checksum: 8afe4712248406147f59b369cf5f91f5b1ea4bcd7936dffd67de4466070248fdc7ca2439778077035fd6cdf10a9e55dba245d44acaac7ee2042e368f5560767d
  languageName: node
  linkType: hard

"finalhandler@npm:1.1.1":
  version: 1.1.1
  resolution: "finalhandler@npm:1.1.1"
  dependencies:
    debug: 2.6.9
    encodeurl: ~1.0.2
    escape-html: ~1.0.3
    on-finished: ~2.3.0
    parseurl: ~1.3.2
    statuses: ~1.4.0
    unpipe: ~1.0.0
  checksum: a5d824c28666110f985ce0d76f95e2fcae246b86a91d3a4bed5e1471b2446fd20d9b0cf2138569d7dfd558777e83014571bf82b9237249c6be99382d5932ee12
  languageName: node
  linkType: hard

"follow-redirects@npm:1.5.10":
  version: 1.5.10
  resolution: "follow-redirects@npm:1.5.10"
  dependencies:
    debug: =3.1.0
  checksum: 0edc4b74e37e7b88ee716188a8f2a790238877c1d954f00c7b78d560f3bef40061c130536d13bee8e47b4e8e71edf1175a2de2729e51ab8206e4646b2370e484
  languageName: node
  linkType: hard

"forwarded@npm:0.2.0":
  version: 0.2.0
  resolution: "forwarded@npm:0.2.0"
  checksum: fd27e2394d8887ebd16a66ffc889dc983fbbd797d5d3f01087c020283c0f019a7d05ee85669383d8e0d216b116d720fc0cef2f6e9b7eb9f4c90c6e0bc7fd28e6
  languageName: node
  linkType: hard

"fresh@npm:0.5.2":
  version: 0.5.2
  resolution: "fresh@npm:0.5.2"
  checksum: 13ea8b08f91e669a64e3ba3a20eb79d7ca5379a81f1ff7f4310d54e2320645503cc0c78daedc93dfb6191287295f6479544a649c64d8e41a1c0fb0c221552346
  languageName: node
  linkType: hard

"get-random-values@npm:^1.2.0":
  version: 1.2.2
  resolution: "get-random-values@npm:1.2.2"
  dependencies:
    global: ^4.4.0
  checksum: 7dc16734f4ac9068f5b9985177b54b856b778ecb54c93e02cf60e53b9cf74d354be726b1b202785a453d55d5c5c8d10d73993654c89613f3cc33c2bfd23a7a3b
  languageName: node
  linkType: hard

"global@npm:^4.4.0":
  version: 4.4.0
  resolution: "global@npm:4.4.0"
  dependencies:
    min-document: ^2.19.0
    process: ^0.11.10
  checksum: 9c057557c8f5a5bcfbeb9378ba4fe2255d04679452be504608dd5f13b54edf79f7be1db1031ea06a4ec6edd3b9f5f17d2d172fb47e6c69dae57fd84b7e72b77f
  languageName: node
  linkType: hard

"graceful-fs@npm:^4.1.6":
  version: 4.2.9
  resolution: "graceful-fs@npm:4.2.9"
  checksum: 68ea4e07ff2c041ada184f9278b830375f8e0b75154e3f080af6b70f66172fabb4108d19b3863a96b53fc068a310b9b6493d86d1291acc5f3861eb4b79d26ad6
  languageName: node
  linkType: hard

"graceful-readlink@npm:>= 1.0.0":
  version: 1.0.1
  resolution: "graceful-readlink@npm:1.0.1"
  checksum: 4c1889ca0a6fc0bb9585b55c26a99719be132cbc4b7d84036193b70608059b9783e52e2a866d5a8e39821b16a69e899644ca75c6206563f1319b6720836b9ab2
  languageName: node
  linkType: hard

"htmlparser2@npm:^6.1.0":
  version: 6.1.0
  resolution: "htmlparser2@npm:6.1.0"
  dependencies:
    domelementtype: ^2.0.1
    domhandler: ^4.0.0
    domutils: ^2.5.2
    entities: ^2.0.0
  checksum: 81a7b3d9c3bb9acb568a02fc9b1b81ffbfa55eae7f1c41ae0bf840006d1dbf54cb3aa245b2553e2c94db674840a9f0fdad7027c9a9d01a062065314039058c4e
  languageName: node
  linkType: hard

"http-errors@npm:1.6.3, http-errors@npm:~1.6.2, http-errors@npm:~1.6.3":
  version: 1.6.3
  resolution: "http-errors@npm:1.6.3"
  dependencies:
    depd: ~1.1.2
    inherits: 2.0.3
    setprototypeof: 1.1.0
    statuses: ">= 1.4.0 < 2"
  checksum: a9654ee027e3d5de305a56db1d1461f25709ac23267c6dc28cdab8323e3f96caa58a9a6a5e93ac15d7285cee0c2f019378c3ada9026e7fe19c872d695f27de7c
  languageName: node
  linkType: hard

"iconv-lite@npm:0.4.23":
  version: 0.4.23
  resolution: "iconv-lite@npm:0.4.23"
  dependencies:
    safer-buffer: ">= 2.1.2 < 3"
  checksum: cb017a7eaeab413ff098f940e1998321f233497ba07c0c7e74fbe8c1f3944ff430145db0e324eae5fd0f59cd6dced628ba2842b4d404de38c7477a98c002a456
  languageName: node
  linkType: hard

"inherits@npm:2.0.3":
  version: 2.0.3
  resolution: "inherits@npm:2.0.3"
  checksum: 78cb8d7d850d20a5e9a7f3620db31483aa00ad5f722ce03a55b110e5a723539b3716a3b463e2b96ce3fe286f33afc7c131fa2f91407528ba80cea98a7545d4c0
  languageName: node
  linkType: hard

"ipaddr.js@npm:1.9.1":
  version: 1.9.1
  resolution: "ipaddr.js@npm:1.9.1"
  checksum: f88d3825981486f5a1942414c8d77dd6674dd71c065adcfa46f578d677edcb99fda25af42675cb59db492fdf427b34a5abfcde3982da11a8fd83a500b41cfe77
  languageName: node
  linkType: hard

"is-buffer@npm:^1.1.5":
  version: 1.1.6
  resolution: "is-buffer@npm:1.1.6"
  checksum: 4a186d995d8bbf9153b4bd9ff9fd04ae75068fe695d29025d25e592d9488911eeece84eefbd8fa41b8ddcc0711058a71d4c466dcf6f1f6e1d83830052d8ca707
  languageName: node
  linkType: hard

"is-promise@npm:^2.0.0":
  version: 2.2.2
  resolution: "is-promise@npm:2.2.2"
  checksum: 18bf7d1c59953e0ad82a1ed963fb3dc0d135c8f299a14f89a17af312fc918373136e56028e8831700e1933519630cc2fd4179a777030330fde20d34e96f40c78
  languageName: node
  linkType: hard

"is-promise@npm:~1":
  version: 1.0.1
  resolution: "is-promise@npm:1.0.1"
  checksum: 75e6fac7e60e7fa979bf7a53cb7d42f3fd0991795cad6e195196fded7acbc7609e22230435a435b0924037030bdc32b0bc97f593ff2a362a69ddde1bc1fb08ef
  languageName: node
  linkType: hard

"jade@npm:~1.11.0":
  version: 1.11.0
  resolution: "jade@npm:1.11.0"
  dependencies:
    character-parser: 1.2.1
    clean-css: ^3.1.9
    commander: ~2.6.0
    constantinople: ~3.0.1
    jstransformer: 0.0.2
    mkdirp: ~0.5.0
    transformers: 2.1.0
    uglify-js: ^2.4.19
    void-elements: ~2.0.1
    with: ~4.0.0
  bin:
    jade: ./bin/jade.js
  checksum: 767a84243cc97e05327608df2a88f8d78eb05f5f7fb654fd3a4caf2c65489df52041f8bfc36c1c0194fcadae4c8e18f4b80da3d6920a1c0ff94d8b9b15bbdcf0
  languageName: node
  linkType: hard

"jsonfile@npm:^5.0.0":
  version: 5.0.0
  resolution: "jsonfile@npm:5.0.0"
  dependencies:
    graceful-fs: ^4.1.6
    universalify: ^0.1.2
  dependenciesMeta:
    graceful-fs:
      optional: true
  checksum: e0ecff572dba34153a66e3a3bc5c6cb01a2c1d2cf4a2c19b6728dcfcab39d94be9cca4a0fc86a17ff2c815f2aeb43768ac75545780dbea4009433fdc32aa14d1
  languageName: node
  linkType: hard

"jstransformer@npm:0.0.2":
  version: 0.0.2
  resolution: "jstransformer@npm:0.0.2"
  dependencies:
    is-promise: ^2.0.0
    promise: ^6.0.1
  checksum: 5e1738ac7db03d850a73bc7951fe1dab2218deaa48493e19e6d566e6f56261732fdef3f19c089b04fca8ad8c307b7f0c81c19f34b0cb82e9cf72b961d0bd63b5
  languageName: node
  linkType: hard

"kind-of@npm:^3.0.2":
  version: 3.2.2
  resolution: "kind-of@npm:3.2.2"
  dependencies:
    is-buffer: ^1.1.5
  checksum: e898df8ca2f31038f27d24f0b8080da7be274f986bc6ed176f37c77c454d76627619e1681f6f9d2e8d2fd7557a18ecc419a6bb54e422abcbb8da8f1a75e4b386
  languageName: node
  linkType: hard

"lazy-cache@npm:^1.0.3":
  version: 1.0.4
  resolution: "lazy-cache@npm:1.0.4"
  checksum: e6650c22e5de1cc3f4a0c25d2b35fe9cd400473c1b3562be9fceadf8f368d708b54d24f5aa51b321b090da65b36426823a8f706b8dbdd68270db0daba812c5d3
  languageName: node
  linkType: hard

"longest@npm:^1.0.1":
  version: 1.0.1
  resolution: "longest@npm:1.0.1"
  checksum: 21717f95670675b8fec7ce78d255af664fc28273e8ac7d6893bce6063f63efa107634daa186d142172904053e0e39034b21e61a6c52538d3d37f715bf149c47f
  languageName: node
  linkType: hard

"make-error@npm:^1.1.1":
  version: 1.3.6
  resolution: "make-error@npm:1.3.6"
  checksum: b86e5e0e25f7f777b77fabd8e2cbf15737972869d852a22b7e73c17623928fccb826d8e46b9951501d3f20e51ad74ba8c59ed584f610526a48f8ccf88aaec402
  languageName: node
  linkType: hard

"media-typer@npm:0.3.0":
  version: 0.3.0
  resolution: "media-typer@npm:0.3.0"
  checksum: af1b38516c28ec95d6b0826f6c8f276c58aec391f76be42aa07646b4e39d317723e869700933ca6995b056db4b09a78c92d5440dc23657e6764be5d28874bba1
  languageName: node
  linkType: hard

"merge-descriptors@npm:1.0.1":
  version: 1.0.1
  resolution: "merge-descriptors@npm:1.0.1"
  checksum: 5abc259d2ae25bb06d19ce2b94a21632583c74e2a9109ee1ba7fd147aa7362b380d971e0251069f8b3eb7d48c21ac839e21fa177b335e82c76ec172e30c31a26
  languageName: node
  linkType: hard

"methods@npm:~1.1.2":
  version: 1.1.2
  resolution: "methods@npm:1.1.2"
  checksum: 0917ff4041fa8e2f2fda5425a955fe16ca411591fbd123c0d722fcf02b73971ed6f764d85f0a6f547ce49ee0221ce2c19a5fa692157931cecb422984f1dcd13a
  languageName: node
  linkType: hard

"migumusicapi@workspace:.":
  version: 0.0.0-use.local
  resolution: "migumusicapi@workspace:."
  dependencies:
    "@types/express": ^4.17.2
    axios: ^0.19.0
    cheerio: ^1.0.0-rc.3
    cookie-parser: ~1.4.4
    crypto-js: ^3.1.9-1
    debug: ~2.6.9
    express: ~4.16.1
    http-errors: ~1.6.3
    jade: ~1.11.0
    jsonfile: ^5.0.0
    morgan: ~1.9.1
    node-jsencrypt: ^1.0.0
    ts-node: ^8.5.4
    typescript: ^3.7.3
    xml2js: ^0.4.22
  languageName: unknown
  linkType: soft

"mime-db@npm:1.52.0":
  version: 1.52.0
  resolution: "mime-db@npm:1.52.0"
  checksum: 0d99a03585f8b39d68182803b12ac601d9c01abfa28ec56204fa330bc9f3d1c5e14beb049bafadb3dbdf646dfb94b87e24d4ec7b31b7279ef906a8ea9b6a513f
  languageName: node
  linkType: hard

"mime-types@npm:~2.1.24, mime-types@npm:~2.1.34":
  version: 2.1.35
  resolution: "mime-types@npm:2.1.35"
  dependencies:
    mime-db: 1.52.0
  checksum: 89a5b7f1def9f3af5dad6496c5ed50191ae4331cc5389d7c521c8ad28d5fdad2d06fd81baf38fed813dc4e46bb55c8145bb0ff406330818c9cf712fb2e9b3836
  languageName: node
  linkType: hard

"mime@npm:1.4.1":
  version: 1.4.1
  resolution: "mime@npm:1.4.1"
  bin:
    mime: cli.js
  checksum: 14c9de5c801ddad82619b66049f3314bbced9667689eed769fab64a323e79b3535ab650e9607670e52371b16436a49af3c0473d965ec743de931cb5d73d3adba
  languageName: node
  linkType: hard

"min-document@npm:^2.19.0":
  version: 2.19.0
  resolution: "min-document@npm:2.19.0"
  dependencies:
    dom-walk: ^0.1.0
  checksum: da6437562ea2228041542a2384528e74e22d1daa1a4ec439c165abf0b9d8a63e17e3b8a6dc6e0c731845e85301198730426932a0e813d23f932ca668340c9623
  languageName: node
  linkType: hard

"minimist@npm:^1.2.6":
  version: 1.2.6
  resolution: "minimist@npm:1.2.6"
  checksum: d15428cd1e11eb14e1233bcfb88ae07ed7a147de251441d61158619dfb32c4d7e9061d09cab4825fdee18ecd6fce323228c8c47b5ba7cd20af378ca4048fb3fb
  languageName: node
  linkType: hard

"mkdirp@npm:~0.5.0":
  version: 0.5.6
  resolution: "mkdirp@npm:0.5.6"
  dependencies:
    minimist: ^1.2.6
  bin:
    mkdirp: bin/cmd.js
  checksum: 0c91b721bb12c3f9af4b77ebf73604baf350e64d80df91754dc509491ae93bf238581e59c7188360cec7cb62fc4100959245a42cfe01834efedc5e9d068376c2
  languageName: node
  linkType: hard

"morgan@npm:~1.9.1":
  version: 1.9.1
  resolution: "morgan@npm:1.9.1"
  dependencies:
    basic-auth: ~2.0.0
    debug: 2.6.9
    depd: ~1.1.2
    on-finished: ~2.3.0
    on-headers: ~1.0.1
  checksum: 69584328686c2cb2b7b8e69000cdf8f4d02218b6539870dae9266239506a9f1cd212635441899d6c446716462976bdd594251b598ba5cb494ef65420aff1399a
  languageName: node
  linkType: hard

"ms@npm:2.0.0":
  version: 2.0.0
  resolution: "ms@npm:2.0.0"
  checksum: 0e6a22b8b746d2e0b65a430519934fefd41b6db0682e3477c10f60c76e947c4c0ad06f63ffdf1d78d335f83edee8c0aa928aa66a36c7cd95b69b26f468d527f4
  languageName: node
  linkType: hard

"negotiator@npm:0.6.3":
  version: 0.6.3
  resolution: "negotiator@npm:0.6.3"
  checksum: b8ffeb1e262eff7968fc90a2b6767b04cfd9842582a9d0ece0af7049537266e7b2506dfb1d107a32f06dd849ab2aea834d5830f7f4d0e5cb7d36e1ae55d021d9
  languageName: node
  linkType: hard

"node-jsencrypt@npm:^1.0.0":
  version: 1.0.0
  resolution: "node-jsencrypt@npm:1.0.0"
  dependencies:
    get-random-values: ^1.2.0
  checksum: 5d6672ddabf7a21f96cb8a55fa2895e930f5e59335dc1a9e77489b4f63674480a9a7f5977ca7d7b805763f3be250fad6dbbca676c7d4590e985747aa6c67d886
  languageName: node
  linkType: hard

"nth-check@npm:^2.0.1":
  version: 2.0.1
  resolution: "nth-check@npm:2.0.1"
  dependencies:
    boolbase: ^1.0.0
  checksum: 5386d035c48438ff304fe687704d93886397349d1bed136de97aeae464caba10e8ffac55a04b215b86b3bc8897f33e0a5aa1045a9d8b2f251ae61b2a3ad3e450
  languageName: node
  linkType: hard

"on-finished@npm:~2.3.0":
  version: 2.3.0
  resolution: "on-finished@npm:2.3.0"
  dependencies:
    ee-first: 1.1.1
  checksum: 1db595bd963b0124d6fa261d18320422407b8f01dc65863840f3ddaaf7bcad5b28ff6847286703ca53f4ec19595bd67a2f1253db79fc4094911ec6aa8df1671b
  languageName: node
  linkType: hard

"on-headers@npm:~1.0.1":
  version: 1.0.2
  resolution: "on-headers@npm:1.0.2"
  checksum: 2bf13467215d1e540a62a75021e8b318a6cfc5d4fc53af8e8f84ad98dbcea02d506c6d24180cd62e1d769c44721ba542f3154effc1f7579a8288c9f7873ed8e5
  languageName: node
  linkType: hard

"optimist@npm:~0.3.5":
  version: 0.3.7
  resolution: "optimist@npm:0.3.7"
  dependencies:
    wordwrap: ~0.0.2
  checksum: adc02acb8b76d242e56714b47c8c96916b25a5ac2da7b9f735e1f946a970f266f71d53eff0b61d9582ef948301e94734f03b784fa7c309aed0fe7db403d22046
  languageName: node
  linkType: hard

"parse5-htmlparser2-tree-adapter@npm:^6.0.1":
  version: 6.0.1
  resolution: "parse5-htmlparser2-tree-adapter@npm:6.0.1"
  dependencies:
    parse5: ^6.0.1
  checksum: 1848378b355d027915645c13f13f982e60502d201f53bc2067a508bf2dba4aac08219fc781dcd160167f5f50f0c73f58d20fa4fb3d90ee46762c20234fa90a6d
  languageName: node
  linkType: hard

"parse5@npm:^6.0.1":
  version: 6.0.1
  resolution: "parse5@npm:6.0.1"
  checksum: 7d569a176c5460897f7c8f3377eff640d54132b9be51ae8a8fa4979af940830b2b0c296ce75e5bd8f4041520aadde13170dbdec44889975f906098ea0002f4bd
  languageName: node
  linkType: hard

"parseurl@npm:~1.3.2":
  version: 1.3.3
  resolution: "parseurl@npm:1.3.3"
  checksum: 407cee8e0a3a4c5cd472559bca8b6a45b82c124e9a4703302326e9ab60fc1081442ada4e02628efef1eb16197ddc7f8822f5a91fd7d7c86b51f530aedb17dfa2
  languageName: node
  linkType: hard

"path-to-regexp@npm:0.1.7":
  version: 0.1.7
  resolution: "path-to-regexp@npm:0.1.7"
  checksum: 69a14ea24db543e8b0f4353305c5eac6907917031340e5a8b37df688e52accd09e3cebfe1660b70d76b6bd89152f52183f28c74813dbf454ba1a01c82a38abce
  languageName: node
  linkType: hard

"process@npm:^0.11.10":
  version: 0.11.10
  resolution: "process@npm:0.11.10"
  checksum: bfcce49814f7d172a6e6a14d5fa3ac92cc3d0c3b9feb1279774708a719e19acd673995226351a082a9ae99978254e320ccda4240ddc474ba31a76c79491ca7c3
  languageName: node
  linkType: hard

"promise@npm:^6.0.1":
  version: 6.1.0
  resolution: "promise@npm:6.1.0"
  dependencies:
    asap: ~1.0.0
  checksum: 9b36a42e2999672babceef60ff2219ccbdc1ac4bd629c283a3d5d6669145bedb6d039425292be58379132c9efa84c743280ca65f7841c59ef71a86aaa00945cd
  languageName: node
  linkType: hard

"promise@npm:~2.0":
  version: 2.0.0
  resolution: "promise@npm:2.0.0"
  dependencies:
    is-promise: ~1
  checksum: a513c107225501b8f9dd96af21d4a190f4f3858ebe3b6528e475747ba68570f37f0722ea2b6f3b73c3c5fa97568b150927572502f0ee61599a1bf169f28170bd
  languageName: node
  linkType: hard

"proxy-addr@npm:~2.0.4":
  version: 2.0.7
  resolution: "proxy-addr@npm:2.0.7"
  dependencies:
    forwarded: 0.2.0
    ipaddr.js: 1.9.1
  checksum: 29c6990ce9364648255454842f06f8c46fcd124d3e6d7c5066df44662de63cdc0bad032e9bf5a3d653ff72141cc7b6019873d685708ac8210c30458ad99f2b74
  languageName: node
  linkType: hard

"qs@npm:6.5.2":
  version: 6.5.2
  resolution: "qs@npm:6.5.2"
  checksum: 24af7b9928ba2141233fba2912876ff100403dba1b08b20c3b490da9ea6c636760445ea2211a079e7dfa882a5cf8f738337b3748c8bdd0f93358fa8881d2db8f
  languageName: node
  linkType: hard

"range-parser@npm:~1.2.0":
  version: 1.2.1
  resolution: "range-parser@npm:1.2.1"
  checksum: 0a268d4fea508661cf5743dfe3d5f47ce214fd6b7dec1de0da4d669dd4ef3d2144468ebe4179049eff253d9d27e719c88dae55be64f954e80135a0cada804ec9
  languageName: node
  linkType: hard

"raw-body@npm:2.3.3":
  version: 2.3.3
  resolution: "raw-body@npm:2.3.3"
  dependencies:
    bytes: 3.0.0
    http-errors: 1.6.3
    iconv-lite: 0.4.23
    unpipe: 1.0.0
  checksum: 9b10ad806e4f95e7ec2a703284d03abc0e612e24e77cd2cda57052e1934d750501c14bfcfdcae3e696ff7bb097a450246ad9376b7338ca251a20ae9e813b92d7
  languageName: node
  linkType: hard

"repeat-string@npm:^1.5.2":
  version: 1.6.1
  resolution: "repeat-string@npm:1.6.1"
  checksum: 1b809fc6db97decdc68f5b12c4d1a671c8e3f65ec4a40c238bc5200e44e85bcc52a54f78268ab9c29fcf5fe4f1343e805420056d1f30fa9a9ee4c2d93e3cc6c0
  languageName: node
  linkType: hard

"right-align@npm:^0.1.1":
  version: 0.1.3
  resolution: "right-align@npm:0.1.3"
  dependencies:
    align-text: ^0.1.1
  checksum: 7011dc8c0eb2ee04daab45d1251b5efff9956607e130b4a4005ed76e48bddf97c1de3cc70463ca0476949fce5d0af7d652619a538c1b9105b6eff6a59f15c4b9
  languageName: node
  linkType: hard

"safe-buffer@npm:5.1.2":
  version: 5.1.2
  resolution: "safe-buffer@npm:5.1.2"
  checksum: f2f1f7943ca44a594893a852894055cf619c1fbcb611237fc39e461ae751187e7baf4dc391a72125e0ac4fb2d8c5c0b3c71529622e6a58f46b960211e704903c
  languageName: node
  linkType: hard

"safer-buffer@npm:>= 2.1.2 < 3":
  version: 2.1.2
  resolution: "safer-buffer@npm:2.1.2"
  checksum: cab8f25ae6f1434abee8d80023d7e72b598cf1327164ddab31003c51215526801e40b66c5e65d658a0af1e9d6478cadcb4c745f4bd6751f97d8644786c0978b0
  languageName: node
  linkType: hard

"sax@npm:>=0.6.0":
  version: 1.2.4
  resolution: "sax@npm:1.2.4"
  checksum: d3df7d32b897a2c2f28e941f732c71ba90e27c24f62ee918bd4d9a8cfb3553f2f81e5493c7f0be94a11c1911b643a9108f231dd6f60df3fa9586b5d2e3e9e1fe
  languageName: node
  linkType: hard

"send@npm:0.16.2":
  version: 0.16.2
  resolution: "send@npm:0.16.2"
  dependencies:
    debug: 2.6.9
    depd: ~1.1.2
    destroy: ~1.0.4
    encodeurl: ~1.0.2
    escape-html: ~1.0.3
    etag: ~1.8.1
    fresh: 0.5.2
    http-errors: ~1.6.2
    mime: 1.4.1
    ms: 2.0.0
    on-finished: ~2.3.0
    range-parser: ~1.2.0
    statuses: ~1.4.0
  checksum: 54775ccc7ecc1ab5e7c8dd7576ce186d74c19f3adad70f0b583abb0ec33fbd6c13d59181fe2054bc21425814f23bad36120d78a99e1e86734b1f3694800700cf
  languageName: node
  linkType: hard

"serve-static@npm:1.13.2":
  version: 1.13.2
  resolution: "serve-static@npm:1.13.2"
  dependencies:
    encodeurl: ~1.0.2
    escape-html: ~1.0.3
    parseurl: ~1.3.2
    send: 0.16.2
  checksum: 19244f8744984205dc0d9c1f6327d4d13dd691401b9619096c71260c9cb0b8173328b5de1558336bf57884864a15f23949e22924f388a4813604fd768de9fd55
  languageName: node
  linkType: hard

"setprototypeof@npm:1.1.0":
  version: 1.1.0
  resolution: "setprototypeof@npm:1.1.0"
  checksum: 27cb44304d6c9e1a23bc6c706af4acaae1a7aa1054d4ec13c05f01a99fd4887109a83a8042b67ad90dbfcd100d43efc171ee036eb080667172079213242ca36e
  languageName: node
  linkType: hard

"source-map-support@npm:^0.5.17":
  version: 0.5.21
  resolution: "source-map-support@npm:0.5.21"
  dependencies:
    buffer-from: ^1.0.0
    source-map: ^0.6.0
  checksum: 43e98d700d79af1d36f859bdb7318e601dfc918c7ba2e98456118ebc4c4872b327773e5a1df09b0524e9e5063bb18f0934538eace60cca2710d1fa687645d137
  languageName: node
  linkType: hard

"source-map@npm:0.4.x":
  version: 0.4.4
  resolution: "source-map@npm:0.4.4"
  dependencies:
    amdefine: ">=0.0.4"
  checksum: b31992fcb4a2a6c335617f187bd36f392896dfcc111830ebdb8b716923cf6554b665833b975fc998bdf3a63881b2c8b4c5c34fda0280357b8c18fe6aa5d148ea
  languageName: node
  linkType: hard

"source-map@npm:^0.6.0":
  version: 0.6.1
  resolution: "source-map@npm:0.6.1"
  checksum: 59ce8640cf3f3124f64ac289012c2b8bd377c238e316fb323ea22fbfe83da07d81e000071d7242cad7a23cd91c7de98e4df8830ec3f133cb6133a5f6e9f67bc2
  languageName: node
  linkType: hard

"source-map@npm:~0.1.7":
  version: 0.1.43
  resolution: "source-map@npm:0.1.43"
  dependencies:
    amdefine: ">=0.0.4"
  checksum: 0a230f8cae8a8ea70bd36701c33d01fb0c437b798508a561c896a99b42f5af81a206176a250fc654c7c57a736b8081c4b4a6c9887455f7d2724f847451f1d7d9
  languageName: node
  linkType: hard

"source-map@npm:~0.5.1":
  version: 0.5.7
  resolution: "source-map@npm:0.5.7"
  checksum: 5dc2043b93d2f194142c7f38f74a24670cd7a0063acdaf4bf01d2964b402257ae843c2a8fa822ad5b71013b5fcafa55af7421383da919752f22ff488bc553f4d
  languageName: node
  linkType: hard

"statuses@npm:>= 1.4.0 < 2":
  version: 1.5.0
  resolution: "statuses@npm:1.5.0"
  checksum: c469b9519de16a4bb19600205cffb39ee471a5f17b82589757ca7bd40a8d92ebb6ed9f98b5a540c5d302ccbc78f15dc03cc0280dd6e00df1335568a5d5758a5c
  languageName: node
  linkType: hard

"statuses@npm:~1.4.0":
  version: 1.4.0
  resolution: "statuses@npm:1.4.0"
  checksum: a9e7fbd3bc4859643e183101ed074c877fb70fb2d32379320713e78106360ef0d41d31598e1345390cf4a003d108edecb9607eb466bfbc31ec808c13a527434f
  languageName: node
  linkType: hard

"transformers@npm:2.1.0":
  version: 2.1.0
  resolution: "transformers@npm:2.1.0"
  dependencies:
    css: ~1.0.8
    promise: ~2.0
    uglify-js: ~2.2.5
  checksum: 65562e4e940e3067e7775774777e0120fc1b0e75cb702179803d26ee0ed77288264161e80bd43c4b2e22b41b24b470491caea7a13cd47e4ae9972499c9607017
  languageName: node
  linkType: hard

"ts-node@npm:^8.5.4":
  version: 8.10.2
  resolution: "ts-node@npm:8.10.2"
  dependencies:
    arg: ^4.1.0
    diff: ^4.0.1
    make-error: ^1.1.1
    source-map-support: ^0.5.17
    yn: 3.1.1
  peerDependencies:
    typescript: ">=2.7"
  bin:
    ts-node: dist/bin.js
    ts-node-script: dist/bin-script.js
    ts-node-transpile-only: dist/bin-transpile.js
    ts-script: dist/bin-script-deprecated.js
  checksum: 480adb076fdab6dbabd726c6056d651ddc567feda0d3e4770d809c01d000715a0f61f80be0e4a92ef87b7f4a494b79d9595d62de4a3931d740122ae26f0e10d8
  languageName: node
  linkType: hard

"tslib@npm:^2.2.0":
  version: 2.3.1
  resolution: "tslib@npm:2.3.1"
  checksum: de17a98d4614481f7fcb5cd53ffc1aaf8654313be0291e1bfaee4b4bb31a20494b7d218ff2e15017883e8ea9626599b3b0e0229c18383ba9dce89da2adf15cb9
  languageName: node
  linkType: hard

"type-is@npm:~1.6.16":
  version: 1.6.18
  resolution: "type-is@npm:1.6.18"
  dependencies:
    media-typer: 0.3.0
    mime-types: ~2.1.24
  checksum: 2c8e47675d55f8b4e404bcf529abdf5036c537a04c2b20177bcf78c9e3c1da69da3942b1346e6edb09e823228c0ee656ef0e033765ec39a70d496ef601a0c657
  languageName: node
  linkType: hard

"typescript@npm:^3.7.3":
  version: 3.9.10
  resolution: "typescript@npm:3.9.10"
  bin:
    tsc: bin/tsc
    tsserver: bin/tsserver
  checksum: 46c842e2cd4797b88b66ef06c9c41dd21da48b95787072ccf39d5f2aa3124361bc4c966aa1c7f709fae0509614d76751455b5231b12dbb72eb97a31369e1ff92
  languageName: node
  linkType: hard

"typescript@patch:typescript@^3.7.3#~builtin<compat/typescript>":
  version: 3.9.10
  resolution: "typescript@patch:typescript@npm%3A3.9.10#~builtin<compat/typescript>::version=3.9.10&hash=493e53"
  bin:
    tsc: bin/tsc
    tsserver: bin/tsserver
  checksum: dc7141ab555b23a8650a6787f98845fc11692063d02b75ff49433091b3af2fe3d773650dea18389d7c21f47d620fb3b110ea363dab4ab039417a6ccbbaf96fc2
  languageName: node
  linkType: hard

"uglify-js@npm:^2.4.19":
  version: 2.8.29
  resolution: "uglify-js@npm:2.8.29"
  dependencies:
    source-map: ~0.5.1
    uglify-to-browserify: ~1.0.0
    yargs: ~3.10.0
  dependenciesMeta:
    uglify-to-browserify:
      optional: true
  bin:
    uglifyjs: bin/uglifyjs
  checksum: 24f2ae09b96bbb56cc3802f575ee2cdbc6822d942c6877ee4a5637e949f269e48f4baa8d193c47324cdfc1cc8e6853e1479d26e228be2412bc0da3649eaedb35
  languageName: node
  linkType: hard

"uglify-js@npm:~2.2.5":
  version: 2.2.5
  resolution: "uglify-js@npm:2.2.5"
  dependencies:
    optimist: ~0.3.5
    source-map: ~0.1.7
  bin:
    uglifyjs: bin/uglifyjs
  checksum: 4d7267724d5295994f771997d2b5e3335cd743fc1a892d7656509fb1c16ca7bb0ab5a43760b125674973ffd89b2083e5a1c3e534d2f771174c465b4f48ce93f2
  languageName: node
  linkType: hard

"uglify-to-browserify@npm:~1.0.0":
  version: 1.0.2
  resolution: "uglify-to-browserify@npm:1.0.2"
  checksum: cfa7e2c233b33dc952fcf6ddb2a1e04f48b733fc00314d7282447dde0d7cebc7cf0085d4752abbc82127a4b458c2bf66c63bd8a574be3b2faa0effaabd971370
  languageName: node
  linkType: hard

"universalify@npm:^0.1.2":
  version: 0.1.2
  resolution: "universalify@npm:0.1.2"
  checksum: 40cdc60f6e61070fe658ca36016a8f4ec216b29bf04a55dce14e3710cc84c7448538ef4dad3728d0bfe29975ccd7bfb5f414c45e7b78883567fb31b246f02dff
  languageName: node
  linkType: hard

"unpipe@npm:1.0.0, unpipe@npm:~1.0.0":
  version: 1.0.0
  resolution: "unpipe@npm:1.0.0"
  checksum: 4fa18d8d8d977c55cb09715385c203197105e10a6d220087ec819f50cb68870f02942244f1017565484237f1f8c5d3cd413631b1ae104d3096f24fdfde1b4aa2
  languageName: node
  linkType: hard

"utils-merge@npm:1.0.1":
  version: 1.0.1
  resolution: "utils-merge@npm:1.0.1"
  checksum: c81095493225ecfc28add49c106ca4f09cdf56bc66731aa8dabc2edbbccb1e1bfe2de6a115e5c6a380d3ea166d1636410b62ef216bb07b3feb1cfde1d95d5080
  languageName: node
  linkType: hard

"vary@npm:~1.1.2":
  version: 1.1.2
  resolution: "vary@npm:1.1.2"
  checksum: ae0123222c6df65b437669d63dfa8c36cee20a504101b2fcd97b8bf76f91259c17f9f2b4d70a1e3c6bbcee7f51b28392833adb6b2770b23b01abec84e369660b
  languageName: node
  linkType: hard

"void-elements@npm:~2.0.1":
  version: 2.0.1
  resolution: "void-elements@npm:2.0.1"
  checksum: 700c07ba9cfa2dff88bb23974b3173118f9ad8107143db9e5d753552be15cf93380954d4e7f7d7bc80e7306c35c3a7fb83ab0ce4d4dcc18abf90ca8b31452126
  languageName: node
  linkType: hard

"window-size@npm:0.1.0":
  version: 0.1.0
  resolution: "window-size@npm:0.1.0"
  checksum: ca88d06a353e2ab264f68d8684c3e6bb461ac3b2205c372c290785cb4367e57a025d7760a0b030ea6af4daf5884394b78d0b2480e8d6699d8d799d5c65edcbd0
  languageName: node
  linkType: hard

"with@npm:~4.0.0":
  version: 4.0.3
  resolution: "with@npm:4.0.3"
  dependencies:
    acorn: ^1.0.1
    acorn-globals: ^1.0.3
  checksum: 06338e1f1b544945d69d71aeaa43f19c124f62637baa687da98748e478ed6437403710dd8debb7192f720709c56ca0f42d21aa48708c3ea30da5017a9f8dde67
  languageName: node
  linkType: hard

"wordwrap@npm:0.0.2":
  version: 0.0.2
  resolution: "wordwrap@npm:0.0.2"
  checksum: 1152eb7f04c3771df4fd8ea817e3945586f6be2e906cd7d95e60248e136a7f506c911cc738f963b7b18f74c215d7fe61f5b276fc82c3cee930abfc61a215afec
  languageName: node
  linkType: hard

"wordwrap@npm:~0.0.2":
  version: 0.0.3
  resolution: "wordwrap@npm:0.0.3"
  checksum: dfc2d3512e857ae4b3bc2e8d4e5d2c285c28a4b87cd1d81c977ce9a1a99152d355807e046851a3d61148f39d877fbb889352e07b65a9cbdd2256aa928e159026
  languageName: node
  linkType: hard

"xml2js@npm:^0.4.22":
  version: 0.4.23
  resolution: "xml2js@npm:0.4.23"
  dependencies:
    sax: ">=0.6.0"
    xmlbuilder: ~11.0.0
  checksum: ca0cf2dfbf6deeaae878a891c8fbc0db6fd04398087084edf143cdc83d0509ad0fe199b890f62f39c4415cf60268a27a6aed0d343f0658f8779bd7add690fa98
  languageName: node
  linkType: hard

"xmlbuilder@npm:~11.0.0":
  version: 11.0.1
  resolution: "xmlbuilder@npm:11.0.1"
  checksum: 7152695e16f1a9976658215abab27e55d08b1b97bca901d58b048d2b6e106b5af31efccbdecf9b07af37c8377d8e7e821b494af10b3a68b0ff4ae60331b415b0
  languageName: node
  linkType: hard

"yargs@npm:~3.10.0":
  version: 3.10.0
  resolution: "yargs@npm:3.10.0"
  dependencies:
    camelcase: ^1.0.2
    cliui: ^2.1.0
    decamelize: ^1.0.0
    window-size: 0.1.0
  checksum: 73fd1978a311c853ae4c2c2da12642878912a33e4a8e9e8fec00900dc3b5db31a334c337cff04a542ebba7a32f64a9330419ba45249002f45f349a5d41010cab
  languageName: node
  linkType: hard

"yn@npm:3.1.1":
  version: 3.1.1
  resolution: "yn@npm:3.1.1"
  checksum: 2c487b0e149e746ef48cda9f8bad10fc83693cd69d7f9dcd8be4214e985de33a29c9e24f3c0d6bcf2288427040a8947406ab27f7af67ee9456e6b84854f02dd6
  languageName: node
  linkType: hard
